lockfileVersion: '9.0'

settings:
  autoInstallPeers: true
  excludeLinksFromLockfile: false

importers:

  .:
    dependencies:
      '@ai-sdk/anthropic':
        specifier: ^1.1.0
        version: 1.1.0(zod@3.24.1)
      '@ai-sdk/openai':
        specifier: ^1.1.0
        version: 1.1.0(zod@3.24.1)
      '@ai-sdk/react':
        specifier: ^1.1.0
        version: 1.1.0(react@19.0.0)(zod@3.24.1)
      '@vscode-elements/elements':
        specifier: ^1.10.0
        version: 1.10.0
      ai:
        specifier: ^4.1.0
        version: 4.1.0(react@19.0.0)(zod@3.24.1)
      preact:
        specifier: ^10.25.4
        version: 10.25.4
      zod:
        specifier: ^3.24.1
        version: 3.24.1
    devDependencies:
      '@biomejs/biome':
        specifier: ^1.9.3
        version: 1.9.4
      '@rsbuild/core':
        specifier: ^1.1.8
        version: 1.2.0
      '@rsbuild/plugin-preact':
        specifier: ^1.2.0
        version: 1.3.0(@rsbuild/core@1.2.0)(preact@10.25.4)
      '@types/node':
        specifier: ^22.10.7
        version: 22.10.7
      '@types/vscode':
        specifier: ^1.91.0
        version: 1.96.0
      typescript:
        specifier: ^5.7.3
        version: 5.7.3

packages:

  '@ai-sdk/anthropic@1.1.0':
    resolution: {integrity: sha512-dunguWbV6D2CdFqGgtAXLp64ZqUet8W6AUkheb8C8oxXcaGium2BSqopO17kx9pCWFaBYWBFZZb2jCFok6zOUg==}
    engines: {node: '>=18'}
    peerDependencies:
      zod: ^3.0.0

  '@ai-sdk/openai@1.1.0':
    resolution: {integrity: sha512-D2DaGMK89yYgO32n4Gr7gBJeJGGGS27gdfzYFMRDXlZmKh7VW1WXBp3FXxDwpmt0CgLoVI4qV8lf+gslah+kWw==}
    engines: {node: '>=18'}
    peerDependencies:
      zod: ^3.0.0

  '@ai-sdk/provider-utils@2.1.0':
    resolution: {integrity: sha512-rBUabNoyB25PBUjaiMSk86fHNSCqTngNZVvXxv8+6mvw47JX5OexW+ZHRsEw8XKTE8+hqvNFVzctaOrRZ2i9Zw==}
    engines: {node: '>=18'}
    peerDependencies:
      zod: ^3.0.0
    peerDependenciesMeta:
      zod:
        optional: true

  '@ai-sdk/provider@1.0.4':
    resolution: {integrity: sha512-lJi5zwDosvvZER3e/pB8lj1MN3o3S7zJliQq56BRr4e9V3fcRyFtwP0JRxaRS5vHYX3OJ154VezVoQNrk0eaKw==}
    engines: {node: '>=18'}

  '@ai-sdk/react@1.1.0':
    resolution: {integrity: sha512-U5lBbLyf1pw79xsk5dgHSkBv9Jta3xzWlOLpxsmHlxh1X94QOH3e1gm+nioQ/JvTuHLm23j2tz3i4MpMdchwXQ==}
    engines: {node: '>=18'}
    peerDependencies:
      react: ^18 || ^19 || ^19.0.0-rc
      zod: ^3.0.0
    peerDependenciesMeta:
      react:
        optional: true
      zod:
        optional: true

  '@ai-sdk/ui-utils@1.1.0':
    resolution: {integrity: sha512-ETXwdHaHwzC7NIehbthDFGwsTFk+gNtRL/lm85nR4WDFvvYQptoM/7wTANs0p0H7zumB3Ep5hKzv0Encu8vSRw==}
    engines: {node: '>=18'}
    peerDependencies:
      zod: ^3.0.0
    peerDependenciesMeta:
      zod:
        optional: true

  '@biomejs/biome@1.9.4':
    resolution: {integrity: sha512-1rkd7G70+o9KkTn5KLmDYXihGoTaIGO9PIIN2ZB7UJxFrWw04CZHPYiMRjYsaDvVV7hP1dYNRLxSANLaBFGpog==}
    engines: {node: '>=14.21.3'}
    hasBin: true

  '@biomejs/cli-darwin-arm64@1.9.4':
    resolution: {integrity: sha512-bFBsPWrNvkdKrNCYeAp+xo2HecOGPAy9WyNyB/jKnnedgzl4W4Hb9ZMzYNbf8dMCGmUdSavlYHiR01QaYR58cw==}
    engines: {node: '>=14.21.3'}
    cpu: [arm64]
    os: [darwin]

  '@biomejs/cli-darwin-x64@1.9.4':
    resolution: {integrity: sha512-ngYBh/+bEedqkSevPVhLP4QfVPCpb+4BBe2p7Xs32dBgs7rh9nY2AIYUL6BgLw1JVXV8GlpKmb/hNiuIxfPfZg==}
    engines: {node: '>=14.21.3'}
    cpu: [x64]
    os: [darwin]

  '@biomejs/cli-linux-arm64-musl@1.9.4':
    resolution: {integrity: sha512-v665Ct9WCRjGa8+kTr0CzApU0+XXtRgwmzIf1SeKSGAv+2scAlW6JR5PMFo6FzqqZ64Po79cKODKf3/AAmECqA==}
    engines: {node: '>=14.21.3'}
    cpu: [arm64]
    os: [linux]

  '@biomejs/cli-linux-arm64@1.9.4':
    resolution: {integrity: sha512-fJIW0+LYujdjUgJJuwesP4EjIBl/N/TcOX3IvIHJQNsAqvV2CHIogsmA94BPG6jZATS4Hi+xv4SkBBQSt1N4/g==}
    engines: {node: '>=14.21.3'}
    cpu: [arm64]
    os: [linux]

  '@biomejs/cli-linux-x64-musl@1.9.4':
    resolution: {integrity: sha512-gEhi/jSBhZ2m6wjV530Yy8+fNqG8PAinM3oV7CyO+6c3CEh16Eizm21uHVsyVBEB6RIM8JHIl6AGYCv6Q6Q9Tg==}
    engines: {node: '>=14.21.3'}
    cpu: [x64]
    os: [linux]

  '@biomejs/cli-linux-x64@1.9.4':
    resolution: {integrity: sha512-lRCJv/Vi3Vlwmbd6K+oQ0KhLHMAysN8lXoCI7XeHlxaajk06u7G+UsFSO01NAs5iYuWKmVZjmiOzJ0OJmGsMwg==}
    engines: {node: '>=14.21.3'}
    cpu: [x64]
    os: [linux]

  '@biomejs/cli-win32-arm64@1.9.4':
    resolution: {integrity: sha512-tlbhLk+WXZmgwoIKwHIHEBZUwxml7bRJgk0X2sPyNR3S93cdRq6XulAZRQJ17FYGGzWne0fgrXBKpl7l4M87Hg==}
    engines: {node: '>=14.21.3'}
    cpu: [arm64]
    os: [win32]

  '@biomejs/cli-win32-x64@1.9.4':
    resolution: {integrity: sha512-8Y5wMhVIPaWe6jw2H+KlEm4wP/f7EW3810ZLmDlrEEy5KvBsb9ECEfu/kMWD484ijfQ8+nIi0giMgu9g1UAuuA==}
    engines: {node: '>=14.21.3'}
    cpu: [x64]
    os: [win32]

  '@lit-labs/ssr-dom-shim@1.3.0':
    resolution: {integrity: sha512-nQIWonJ6eFAvUUrSlwyHDm/aE8PBDu5kRpL0vHMg6K8fK3Diq1xdPjTnsJSwxABhaZ+5eBi1btQB5ShUTKo4nQ==}

  '@lit/reactive-element@2.0.4':
    resolution: {integrity: sha512-GFn91inaUa2oHLak8awSIigYz0cU0Payr1rcFsrkf5OJ5eSPxElyZfKh0f2p9FsTiZWXQdWGJeXZICEfXXYSXQ==}

  '@module-federation/error-codes@0.8.4':
    resolution: {integrity: sha512-55LYmrDdKb4jt+qr8qE8U3al62ZANp3FhfVaNPOaAmdTh0jHdD8M3yf5HKFlr5xVkVO4eV/F/J2NCfpbh+pEXQ==}

  '@module-federation/runtime-tools@0.8.4':
    resolution: {integrity: sha512-fjVOsItJ1u5YY6E9FnS56UDwZgqEQUrWFnouRiPtK123LUuqUI9FH4redZoKWlE1PB0ir1Z3tnqy8eFYzPO38Q==}

  '@module-federation/runtime@0.8.4':
    resolution: {integrity: sha512-yZeZ7z2Rx4gv/0E97oLTF3V6N25vglmwXGgoeju/W2YjsFvWzVtCDI7zRRb0mJhU6+jmSM8jP1DeQGbea/AiZQ==}

  '@module-federation/sdk@0.8.4':
    resolution: {integrity: sha512-waABomIjg/5m1rPDBWYG4KUhS5r7OUUY7S+avpaVIY/tkPWB3ibRDKy2dNLLAMaLKq0u+B1qIdEp4NIWkqhqpg==}

  '@module-federation/webpack-bundler-runtime@0.8.4':
    resolution: {integrity: sha512-HggROJhvHPUX7uqBD/XlajGygMNM1DG0+4OAkk8MBQe4a18QzrRNzZt6XQbRTSG4OaEoyRWhQHvYD3Yps405tQ==}

  '@opentelemetry/api@1.9.0':
    resolution: {integrity: sha512-3giAOQvZiH5F9bMlMiv8+GSPMeqg0dbaeo58/0SlA9sxSqZhnUtxzX9/2FzyhS9sWQf5S0GJE0AKBrFqjpeYcg==}
    engines: {node: '>=8.0.0'}

  '@prefresh/core@1.5.3':
    resolution: {integrity: sha512-nDzxj0tA1/M6APNAWqaxkZ+3sTdPHESa+gol4+Bw7rMc2btWdkLoNH7j9rGhUb8SThC0Vz0VoXtq+U+9azGLHg==}
    peerDependencies:
      preact: ^10.0.0

  '@prefresh/utils@1.2.0':
    resolution: {integrity: sha512-KtC/fZw+oqtwOLUFM9UtiitB0JsVX0zLKNyRTA332sqREqSALIIQQxdUCS1P3xR/jT1e2e8/5rwH6gdcMLEmsQ==}

  '@rsbuild/core@1.2.0':
    resolution: {integrity: sha512-dyAok2W0kv6l2i1MspQZPgUjipuNYl62LusFfgAYCbk6fRmQwZQo8QjPeY6jSDl5/wDDYqIaL/9kZXrAh7Cn3g==}
    engines: {node: '>=16.7.0'}
    hasBin: true

  '@rsbuild/plugin-preact@1.3.0':
    resolution: {integrity: sha512-Fx+Z8Idi+5NaPgHRzCi3azyU5Q4AK+M0Gc797NDoe0ab/JoAZGTKJ9GwqkC4XMcmonP9ewGhgWQhMF7K6B9eog==}
    peerDependencies:
      '@rsbuild/core': 1.x

  '@rspack/binding-darwin-arm64@1.2.0':
    resolution: {integrity: sha512-FXmouSPt6BAA4JdNpJQNnvL8L1m9w67NgyCBVG0hX5f6QkWLaAoRApuC2mPYkwSLJ4DjdfIt2Tdu+hsXk7UKnA==}
    cpu: [arm64]
    os: [darwin]

  '@rspack/binding-darwin-x64@1.2.0':
    resolution: {integrity: sha512-Z1lo83dMcxsgvY+x28iqek7Gj3Xv8xX8GX2A5aqkziUtP4aGgSHBKyxgjTPWZVyA0YM6txp0qR/e+2pxAgg4vw==}
    cpu: [x64]
    os: [darwin]

  '@rspack/binding-linux-arm64-gnu@1.2.0':
    resolution: {integrity: sha512-6ZYK5kF8KvQ7lhnCwUSJReSBJ7E5RROeFZgFaU9NXV6s5UDM/2/zMve5nKtzv38lGuYrFPI2oQuuaz3zEeoNPQ==}
    cpu: [arm64]
    os: [linux]

  '@rspack/binding-linux-arm64-musl@1.2.0':
    resolution: {integrity: sha512-WI197iCA+SHLmnBozedSSwCAeTGM9lBYo4SjxLo24Du0FTdTUI44rFS0g8yRbLoFy4LTzcVEEtKqOW4tnlDLow==}
    cpu: [arm64]
    os: [linux]

  '@rspack/binding-linux-x64-gnu@1.2.0':
    resolution: {integrity: sha512-dfaHOz07HdZLslKNgDtTR13CHoogUMsSPRr9cpTwIYOUeseaxkowHqE05KcNdxRV+N7WAwZRbsHupFw35ECY0w==}
    cpu: [x64]
    os: [linux]

  '@rspack/binding-linux-x64-musl@1.2.0':
    resolution: {integrity: sha512-1ioVAoi0K+1JlqFIEzTd0Z00eeIYu0F/fDRY1wCNJlPWMjenmTn0lzygPyb/4ndv9kXhqKc/6a2vvVkO+R0sTg==}
    cpu: [x64]
    os: [linux]

  '@rspack/binding-win32-arm64-msvc@1.2.0':
    resolution: {integrity: sha512-CMk4CsQZuzZgoOZ6BGIodS1SwhrxEZiF3fVXfSrBk0R0Hb2bi9wwQPuDmmK3FwDRXS/incmp0YhPQOP/Mzq8GQ==}
    cpu: [arm64]
    os: [win32]

  '@rspack/binding-win32-ia32-msvc@1.2.0':
    resolution: {integrity: sha512-Zm2DoLZmx8t4vxkOKF478y4P/O4sDQ6eZW3fVw1GUNI/B/lX/XwnAfYPKZEtTde9PQ/lFm29VRTH330TRVhagQ==}
    cpu: [ia32]
    os: [win32]

  '@rspack/binding-win32-x64-msvc@1.2.0':
    resolution: {integrity: sha512-R2ICWiofKFR49A/CC8PIrPzf9tcCqYS3i8BlXCWKFU0Fy5t4uK8/xIml4lV5KCHSsDsE5c4c2tRm9E6FC8J1aw==}
    cpu: [x64]
    os: [win32]

  '@rspack/binding@1.2.0':
    resolution: {integrity: sha512-Y2DBqzmK+s0mecDKGPujTAZXdwQ62+TezNuIlkA8aKG3YLWTVcUB46Yj3ybNEspohrO+ts8ltksi0drsuGWxkQ==}

  '@rspack/core@1.2.0':
    resolution: {integrity: sha512-mlALDjPifZpVAC4ML037FvkyCUbNMD2+GLwb1TZhuyVguKpI3FrJab8Zs7+nLvN3pbpWqAb6YBhyqmwCFdb1nw==}
    engines: {node: '>=16.0.0'}
    peerDependencies:
      '@rspack/tracing': ^1.x
      '@swc/helpers': '>=0.5.1'
    peerDependenciesMeta:
      '@rspack/tracing':
        optional: true
      '@swc/helpers':
        optional: true

  '@rspack/lite-tapable@1.0.1':
    resolution: {integrity: sha512-VynGOEsVw2s8TAlLf/uESfrgfrq2+rcXB1muPJYBWbsm1Oa6r5qVQhjA5ggM6z/coYPrsVMgovl3Ff7Q7OCp1w==}
    engines: {node: '>=16.0.0'}

  '@rspack/plugin-preact-refresh@1.1.2':
    resolution: {integrity: sha512-smTjBS8d0ItLiCt96VvlEHvtYt5rEc5vvB1SxUiv4CdUusb90GXe9+nXyr7EMO+wU3A+kocrGLGnRKLHsgGHUg==}
    peerDependencies:
      '@prefresh/core': ^1.5.0
      '@prefresh/utils': ^1.2.0

  '@swc/counter@0.1.3':
    resolution: {integrity: sha512-e2BR4lsJkkRlKZ/qCHPw9ZaSxc0MVUd7gtbtaB7aMvHeJVYe8sOB8DBZkP2DtISHGSku9sCK6T6cnY0CtXrOCQ==}

  '@swc/helpers@0.5.15':
    resolution: {integrity: sha512-JQ5TuMi45Owi4/BIMAJBoSQoOJu12oOk/gADqlcUL9JEdHB8vyjUSsxqeNXnmXHjYKMi2WcYtezGEEhqUI/E2g==}

  '@swc/plugin-prefresh@6.0.4':
    resolution: {integrity: sha512-xCHTMsTA91e9muuoCawtNt0NS/FuQocw09RBSQaapmPjXhUxE3YO2BWBDXKru6Bj3Y+oBJgS/jzRSLNh3/abng==}

  '@types/diff-match-patch@1.0.36':
    resolution: {integrity: sha512-xFdR6tkm0MWvBfO8xXCSsinYxHcqkQUlcHeSpMC2ukzOb6lwQAfDmW+Qt0AvlGd8HpsS28qKsB+oPeJn9I39jg==}

  '@types/node@22.10.7':
    resolution: {integrity: sha512-V09KvXxFiutGp6B7XkpaDXlNadZxrzajcY50EuoLIpQ6WWYCSvf19lVIazzfIzQvhUN2HjX12spLojTnhuKlGg==}

  '@types/trusted-types@2.0.7':
    resolution: {integrity: sha512-ScaPdn1dQczgbl0QFTeTOmVHFULt394XJgOQNoyVhZ6r2vLnMLJfBPd53SB52T/3G36VI1/g2MZaX0cwDuXsfw==}

  '@types/vscode@1.96.0':
    resolution: {integrity: sha512-qvZbSZo+K4ZYmmDuaodMbAa67Pl6VDQzLKFka6rq+3WUTY4Kro7Bwoi0CuZLO/wema0ygcmpwow7zZfPJTs5jg==}

  '@vscode-elements/elements@1.10.0':
    resolution: {integrity: sha512-+XjkPtvYJLD/Y0k7uK+LTJQZypHe9CfRBkoVYmLV4HhRR7R9zlKfYwEyjhCLY0pYPvJEm4u59eAFdsAhFevxIQ==}

  ai@4.1.0:
    resolution: {integrity: sha512-95nI9hBSSAKPrMnpJbaB3yqvh+G8BS4/EtFz3HR0HgEDJpxC0R6JAlB8+B/BXHd/roNGBrS08Z3Zain/6OFSYA==}
    engines: {node: '>=18'}
    peerDependencies:
      react: ^18 || ^19 || ^19.0.0-rc
      zod: ^3.0.0
    peerDependenciesMeta:
      react:
        optional: true
      zod:
        optional: true

  caniuse-lite@1.0.30001695:
    resolution: {integrity: sha512-vHyLade6wTgI2u1ec3WQBxv+2BrTERV28UXQu9LO6lZ9pYeMk34vjXFLOxo1A4UBA8XTL4njRQZdno/yYaSmWw==}

  chalk@5.4.1:
    resolution: {integrity: sha512-zgVZuo2WcZgfUEmsn6eO3kINexW8RAE4maiQ8QNs8CtpPCSyMiYsULR3HQYkm3w8FIA3SberyMJMSldGsW+U3w==}
    engines: {node: ^12.17.0 || ^14.13 || >=16.0.0}

  core-js@3.40.0:
    resolution: {integrity: sha512-7vsMc/Lty6AGnn7uFpYT56QesI5D2Y/UkgKounk87OP9Z2H9Z8kj6jzcSGAxFmUtDOS0ntK6lbQz+Nsa0Jj6mQ==}

  dequal@2.0.3:
    resolution: {integrity: sha512-0je+qPKHEMohvfRTCEo3CrPG6cAzAYgmzKyxRiYSSDkS6eGJdyVJm7WaYA5ECaAD9wLB2T4EEeymA5aFVcYXCA==}
    engines: {node: '>=6'}

  diff-match-patch@1.0.5:
    resolution: {integrity: sha512-IayShXAgj/QMXgB0IWmKx+rOPuGMhqm5w6jvFxmVenXKIzRqTAAsbBPT3kWQeGANj3jGgvcvv4yK6SxqYmikgw==}

  eventsource-parser@3.0.0:
    resolution: {integrity: sha512-T1C0XCUimhxVQzW4zFipdx0SficT651NnkR0ZSH3yQwh+mFMdLfgjABVi4YtMTtaL4s168593DaoaRLMqryavA==}
    engines: {node: '>=18.0.0'}

  isomorphic-rslog@0.0.6:
    resolution: {integrity: sha512-HM0q6XqQ93psDlqvuViNs/Ea3hAyGDkIdVAHlrEocjjAwGrs1fZ+EdQjS9eUPacnYB7Y8SoDdSY3H8p3ce205A==}
    engines: {node: '>=14.17.6'}

  json-schema@0.4.0:
    resolution: {integrity: sha512-es94M3nTIfsEPisRafak+HDLfHXnKBhV3vU5eqPcS3flIWqcxJWgXHXiey3YrpaNsanY5ei1VoYEbOzijuq9BA==}

  jsondiffpatch@0.6.0:
    resolution: {integrity: sha512-3QItJOXp2AP1uv7waBkao5nCvhEv+QmJAd38Ybq7wNI74Q+BBmnLn4EDKz6yI9xGAIQoUF87qHt+kc1IVxB4zQ==}
    engines: {node: ^18.0.0 || >=20.0.0}
    hasBin: true

  lit-element@4.1.1:
    resolution: {integrity: sha512-HO9Tkkh34QkTeUmEdNYhMT8hzLid7YlMlATSi1q4q17HE5d9mrrEHJ/o8O2D0cMi182zK1F3v7x0PWFjrhXFew==}

  lit-html@3.2.1:
    resolution: {integrity: sha512-qI/3lziaPMSKsrwlxH/xMgikhQ0EGOX2ICU73Bi/YHFvz2j/yMCIrw4+puF2IpQ4+upd3EWbvnHM9+PnJn48YA==}

  lit@3.2.1:
    resolution: {integrity: sha512-1BBa1E/z0O9ye5fZprPtdqnc0BFzxIxTTOO/tQFmyC/hj1O3jL4TfmLBw0WEwjAokdLwpclkvGgDJwTIh0/22w==}

  nanoid@3.3.8:
    resolution: {integrity: sha512-WNLf5Sd8oZxOm+TzppcYk8gVOgP+l58xNy58D0nbUnOxOWRWvlcCV4kUF7ltmI6PsrLl/BgKEyS4mqsGChFN0w==}
    engines: {node: ^10 || ^12 || ^13.7 || ^14 || >=15.0.1}
    hasBin: true

  preact@10.25.4:
    resolution: {integrity: sha512-jLdZDb+Q+odkHJ+MpW/9U5cODzqnB+fy2EiHSZES7ldV5LK7yjlVzTp7R8Xy6W6y75kfK8iWYtFVH7lvjwrCMA==}

  react@19.0.0:
    resolution: {integrity: sha512-V8AVnmPIICiWpGfm6GLzCR/W5FXLchHop40W4nXBmdlEceh16rCN8O8LNWm5bh5XUX91fh7KpA+W0TgMKmgTpQ==}
    engines: {node: '>=0.10.0'}

  secure-json-parse@2.7.0:
    resolution: {integrity: sha512-6aU+Rwsezw7VR8/nyvKTx8QpWH9FrcYiXXlqC4z5d5XQBDRqtbfsRjnwGyqbi3gddNtWHuEk9OANUotL26qKUw==}

  swr@2.3.0:
    resolution: {integrity: sha512-NyZ76wA4yElZWBHzSgEJc28a0u6QZvhb6w0azeL2k7+Q1gAzVK+IqQYXhVOC/mzi+HZIozrZvBVeSeOZNR2bqA==}
    peerDependencies:
      react: ^16.11.0 || ^17.0.0 || ^18.0.0 || ^19.0.0

  throttleit@2.1.0:
    resolution: {integrity: sha512-nt6AMGKW1p/70DF/hGBdJB57B8Tspmbp5gfJ8ilhLnt7kkr2ye7hzD6NVG8GGErk2HWF34igrL2CXmNIkzKqKw==}
    engines: {node: '>=18'}

  tslib@2.8.1:
    resolution: {integrity: sha512-oJFu94HQb+KVduSUQL7wnpmqnfmLsOA/nAh6b6EH0wCEoK0/mPeXU6c3wKDV83MkOuHPRHtSXKKU99IBazS/2w==}

  typescript@5.7.3:
    resolution: {integrity: sha512-84MVSjMEHP+FQRPy3pX9sTVV/INIex71s9TL2Gm5FG/WG1SqXeKyZ0k7/blY/4FdOzI12CBy1vGc4og/eus0fw==}
    engines: {node: '>=14.17'}
    hasBin: true

  undici-types@6.20.0:
    resolution: {integrity: sha512-Ny6QZ2Nju20vw1SRHe3d9jVu6gJ+4e3+MMpqu7pqE5HT6WsTSlce++GQmK5UXS8mzV8DSYHrQH+Xrf2jVcuKNg==}

  use-sync-external-store@1.4.0:
    resolution: {integrity: sha512-9WXSPC5fMv61vaupRkCKCxsPxBocVnwakBEkMIHHpkTTg6icbJtg6jzgtLDm4bl3cSHAca52rYWih0k4K3PfHw==}
    peerDependencies:
      react: ^16.8.0 || ^17.0.0 || ^18.0.0 || ^19.0.0

  zod-to-json-schema@3.24.1:
    resolution: {integrity: sha512-3h08nf3Vw3Wl3PK+q3ow/lIil81IT2Oa7YpQyUUDsEWbXveMesdfK1xBd2RhCkynwZndAxixji/7SYJJowr62w==}
    peerDependencies:
      zod: ^3.24.1

  zod@3.24.1:
    resolution: {integrity: sha512-muH7gBL9sI1nciMZV67X5fTKKBLtwpZ5VBp1vsOQzj1MhrBZ4wlVCm3gedKZWLp0Oyel8sIGfeiz54Su+OVT+A==}

snapshots:

  '@ai-sdk/anthropic@1.1.0(zod@3.24.1)':
    dependencies:
      '@ai-sdk/provider': 1.0.4
      '@ai-sdk/provider-utils': 2.1.0(zod@3.24.1)
      zod: 3.24.1

  '@ai-sdk/openai@1.1.0(zod@3.24.1)':
    dependencies:
      '@ai-sdk/provider': 1.0.4
      '@ai-sdk/provider-utils': 2.1.0(zod@3.24.1)
      zod: 3.24.1

  '@ai-sdk/provider-utils@2.1.0(zod@3.24.1)':
    dependencies:
      '@ai-sdk/provider': 1.0.4
      eventsource-parser: 3.0.0
      nanoid: 3.3.8
      secure-json-parse: 2.7.0
    optionalDependencies:
      zod: 3.24.1

  '@ai-sdk/provider@1.0.4':
    dependencies:
      json-schema: 0.4.0

  '@ai-sdk/react@1.1.0(react@19.0.0)(zod@3.24.1)':
    dependencies:
      '@ai-sdk/provider-utils': 2.1.0(zod@3.24.1)
      '@ai-sdk/ui-utils': 1.1.0(zod@3.24.1)
      swr: 2.3.0(react@19.0.0)
      throttleit: 2.1.0
    optionalDependencies:
      react: 19.0.0
      zod: 3.24.1

  '@ai-sdk/ui-utils@1.1.0(zod@3.24.1)':
    dependencies:
      '@ai-sdk/provider': 1.0.4
      '@ai-sdk/provider-utils': 2.1.0(zod@3.24.1)
      zod-to-json-schema: 3.24.1(zod@3.24.1)
    optionalDependencies:
      zod: 3.24.1

  '@biomejs/biome@1.9.4':
    optionalDependencies:
      '@biomejs/cli-darwin-arm64': 1.9.4
      '@biomejs/cli-darwin-x64': 1.9.4
      '@biomejs/cli-linux-arm64': 1.9.4
      '@biomejs/cli-linux-arm64-musl': 1.9.4
      '@biomejs/cli-linux-x64': 1.9.4
      '@biomejs/cli-linux-x64-musl': 1.9.4
      '@biomejs/cli-win32-arm64': 1.9.4
      '@biomejs/cli-win32-x64': 1.9.4

  '@biomejs/cli-darwin-arm64@1.9.4':
    optional: true

  '@biomejs/cli-darwin-x64@1.9.4':
    optional: true

  '@biomejs/cli-linux-arm64-musl@1.9.4':
    optional: true

  '@biomejs/cli-linux-arm64@1.9.4':
    optional: true

  '@biomejs/cli-linux-x64-musl@1.9.4':
    optional: true

  '@biomejs/cli-linux-x64@1.9.4':
    optional: true

  '@biomejs/cli-win32-arm64@1.9.4':
    optional: true

  '@biomejs/cli-win32-x64@1.9.4':
    optional: true

  '@lit-labs/ssr-dom-shim@1.3.0': {}

  '@lit/reactive-element@2.0.4':
    dependencies:
      '@lit-labs/ssr-dom-shim': 1.3.0

  '@module-federation/error-codes@0.8.4': {}

  '@module-federation/runtime-tools@0.8.4':
    dependencies:
      '@module-federation/runtime': 0.8.4
      '@module-federation/webpack-bundler-runtime': 0.8.4

  '@module-federation/runtime@0.8.4':
    dependencies:
      '@module-federation/error-codes': 0.8.4
      '@module-federation/sdk': 0.8.4

  '@module-federation/sdk@0.8.4':
    dependencies:
      isomorphic-rslog: 0.0.6

  '@module-federation/webpack-bundler-runtime@0.8.4':
    dependencies:
      '@module-federation/runtime': 0.8.4
      '@module-federation/sdk': 0.8.4

  '@opentelemetry/api@1.9.0': {}

  '@prefresh/core@1.5.3(preact@10.25.4)':
    dependencies:
      preact: 10.25.4

  '@prefresh/utils@1.2.0': {}

  '@rsbuild/core@1.2.0':
    dependencies:
      '@rspack/core': 1.2.0(@swc/helpers@0.5.15)
      '@rspack/lite-tapable': 1.0.1
      '@swc/helpers': 0.5.15
      core-js: 3.40.0
    transitivePeerDependencies:
      - '@rspack/tracing'

  '@rsbuild/plugin-preact@1.3.0(@rsbuild/core@1.2.0)(preact@10.25.4)':
    dependencies:
      '@prefresh/core': 1.5.3(preact@10.25.4)
      '@prefresh/utils': 1.2.0
      '@rsbuild/core': 1.2.0
      '@rspack/plugin-preact-refresh': 1.1.2(@prefresh/core@1.5.3(preact@10.25.4))(@prefresh/utils@1.2.0)
      '@swc/plugin-prefresh': 6.0.4
    transitivePeerDependencies:
      - preact

  '@rspack/binding-darwin-arm64@1.2.0':
    optional: true

  '@rspack/binding-darwin-x64@1.2.0':
    optional: true

  '@rspack/binding-linux-arm64-gnu@1.2.0':
    optional: true

  '@rspack/binding-linux-arm64-musl@1.2.0':
    optional: true

  '@rspack/binding-linux-x64-gnu@1.2.0':
    optional: true

  '@rspack/binding-linux-x64-musl@1.2.0':
    optional: true

  '@rspack/binding-win32-arm64-msvc@1.2.0':
    optional: true

  '@rspack/binding-win32-ia32-msvc@1.2.0':
    optional: true

  '@rspack/binding-win32-x64-msvc@1.2.0':
    optional: true

  '@rspack/binding@1.2.0':
    optionalDependencies:
      '@rspack/binding-darwin-arm64': 1.2.0
      '@rspack/binding-darwin-x64': 1.2.0
      '@rspack/binding-linux-arm64-gnu': 1.2.0
      '@rspack/binding-linux-arm64-musl': 1.2.0
      '@rspack/binding-linux-x64-gnu': 1.2.0
      '@rspack/binding-linux-x64-musl': 1.2.0
      '@rspack/binding-win32-arm64-msvc': 1.2.0
      '@rspack/binding-win32-ia32-msvc': 1.2.0
      '@rspack/binding-win32-x64-msvc': 1.2.0

  '@rspack/core@1.2.0(@swc/helpers@0.5.15)':
    dependencies:
      '@module-federation/runtime-tools': 0.8.4
      '@rspack/binding': 1.2.0
      '@rspack/lite-tapable': 1.0.1
      caniuse-lite: 1.0.30001695
    optionalDependencies:
      '@swc/helpers': 0.5.15

  '@rspack/lite-tapable@1.0.1': {}

  '@rspack/plugin-preact-refresh@1.1.2(@prefresh/core@1.5.3(preact@10.25.4))(@prefresh/utils@1.2.0)':
    dependencies:
      '@prefresh/core': 1.5.3(preact@10.25.4)
      '@prefresh/utils': 1.2.0

  '@swc/counter@0.1.3': {}

  '@swc/helpers@0.5.15':
    dependencies:
      tslib: 2.8.1

  '@swc/plugin-prefresh@6.0.4':
    dependencies:
      '@swc/counter': 0.1.3

  '@types/diff-match-patch@1.0.36': {}

  '@types/node@22.10.7':
    dependencies:
      undici-types: 6.20.0

  '@types/trusted-types@2.0.7': {}

  '@types/vscode@1.96.0': {}

  '@vscode-elements/elements@1.10.0':
    dependencies:
      lit: 3.2.1

  ai@4.1.0(react@19.0.0)(zod@3.24.1):
    dependencies:
      '@ai-sdk/provider': 1.0.4
      '@ai-sdk/provider-utils': 2.1.0(zod@3.24.1)
      '@ai-sdk/react': 1.1.0(react@19.0.0)(zod@3.24.1)
      '@ai-sdk/ui-utils': 1.1.0(zod@3.24.1)
      '@opentelemetry/api': 1.9.0
      jsondiffpatch: 0.6.0
    optionalDependencies:
      react: 19.0.0
      zod: 3.24.1

  caniuse-lite@1.0.30001695: {}

  chalk@5.4.1: {}

  core-js@3.40.0: {}

  dequal@2.0.3: {}

  diff-match-patch@1.0.5: {}

  eventsource-parser@3.0.0: {}

  isomorphic-rslog@0.0.6: {}

  json-schema@0.4.0: {}

  jsondiffpatch@0.6.0:
    dependencies:
      '@types/diff-match-patch': 1.0.36
      chalk: 5.4.1
      diff-match-patch: 1.0.5

  lit-element@4.1.1:
    dependencies:
      '@lit-labs/ssr-dom-shim': 1.3.0
      '@lit/reactive-element': 2.0.4
      lit-html: 3.2.1

  lit-html@3.2.1:
    dependencies:
      '@types/trusted-types': 2.0.7

  lit@3.2.1:
    dependencies:
      '@lit/reactive-element': 2.0.4
      lit-element: 4.1.1
      lit-html: 3.2.1

  nanoid@3.3.8: {}

  preact@10.25.4: {}

  react@19.0.0: {}

  secure-json-parse@2.7.0: {}

  swr@2.3.0(react@19.0.0):
    dependencies:
      dequal: 2.0.3
      react: 19.0.0
      use-sync-external-store: 1.4.0(react@19.0.0)

  throttleit@2.1.0: {}

  tslib@2.8.1: {}

  typescript@5.7.3: {}

  undici-types@6.20.0: {}

  use-sync-external-store@1.4.0(react@19.0.0):
    dependencies:
      react: 19.0.0

  zod-to-json-schema@3.24.1(zod@3.24.1):
    dependencies:
      zod: 3.24.1

  zod@3.24.1: {}
